{
    "name": "rust-wasm-on-lambda-edge",
    "version": "0.1.0",
    "lockfileVersion": 3,
    "requires": true,
    "packages": {
        "": {
            "name": "rust-wasm-on-lambda-edge",
            "version": "0.1.0",
            "dependencies": {
                "rust-edge-lambda": "file:../rust-edge-lambda/pkg"
            }
        },
        "../rust-edge-lambda/pkg": {
            "version": "0.1.0"
        },
        "node_modules/rust-edge-lambda": {
            "resolved": "../rust-edge-lambda/pkg",
            "link": true
        }
    }
}
